
Microsoft Visual Studio Solution File, Format Version 12.00
# Visual Studio 15
VisualStudioVersion = 15.0.28307.1525
MinimumVisualStudioVersion = 10.0.40219.1
Project("{FAE04EC0-301F-11D3-BF4B-00C04F79EFBC}") = "Proje_Hastane", "Proje_Hastane\Proje_Hastane.csproj", "{70B52AFB-DF3D-4343-87BB-1BF36161F0EE}"
EndProject
Global
	GlobalSection(SolutionConfigurationPlatforms) = preSolution
		Debug|Any CPU = Debug|Any CPU
		Release|Any CPU = Release|Any CPU
	EndGlobalSection
	GlobalSection(ProjectConfigurationPlatforms) = postSolution
		{70B52AFB-DF3D-4343-87BB-1BF36161F0EE}.Debug|Any CPU.ActiveCfg = Debug|Any CPU
		{70B52AFB-DF3D-4343-87BB-1BF36161F0EE}.Debug|Any CPU.Build.0 = Debug|Any CPU
		{70B52AFB-DF3D-4343-87BB-1BF36161F0EE}.Release|Any CPU.ActiveCfg = Release|Any CPU
		{70B52AFB-DF3D-4343-87BB-1BF36161F0EE}.Release|Any CPU.Build.0 = Release|Any CPU
	EndGlobalSection
	GlobalSection(SolutionProperties) = preSolution
		HideSolutionNode = FALSE
	EndGlobalSection
	GlobalSection(ExtensibilityGlobals) = postSolution
		SolutionGuid = {ADF34997-CB66-4A31-9F8D-7FDCA06CAF60}
	EndGlobalSection
EndGlobal
